// !$*UTF8*$!
{
	archiveVersion = 1;
	classes = {
	};
	objectVersion = 60;
	objects = {

/* Begin PBXBuildFile section */
		E12AEF192B17C53500E4B07C /* SQLite in Frameworks */ = {isa = PBXBuildFile; productRef = E12AEF182B17C53500E4B07C /* SQLite */; };
		E12AEF1D2B17CD3500E4B07C /* MenuCommand.swift in Sources */ = {isa = PBXBuildFile; fileRef = E12AEF1C2B17CD3500E4B07C /* MenuCommand.swift */; };
		E12AEF272B190E3D00E4B07C /* AXMenuBar.swift in Sources */ = {isa = PBXBuildFile; fileRef = E12AEF262B190E3D00E4B07C /* AXMenuBar.swift */; };
		E12AEF292B190FC400E4B07C /* MenuGroup.swift in Sources */ = {isa = PBXBuildFile; fileRef = E12AEF282B190FC400E4B07C /* MenuGroup.swift */; };
		E142F24A2B14E2C300984C8C /* RunningApplications.swift in Sources */ = {isa = PBXBuildFile; fileRef = E142F2492B14E2C300984C8C /* RunningApplications.swift */; };
		E14336812B13CA1F0007B603 /* AppDelegate.swift in Sources */ = {isa = PBXBuildFile; fileRef = E14336802B13CA1F0007B603 /* AppDelegate.swift */; };
		E16302A72B15086300702F3C /* AppList.swift in Sources */ = {isa = PBXBuildFile; fileRef = E16302A62B15086300702F3C /* AppList.swift */; };
		E16302A92B1508B900702F3C /* AppView.swift in Sources */ = {isa = PBXBuildFile; fileRef = E16302A82B1508B900702F3C /* AppView.swift */; };
		E16302AB2B1508F000702F3C /* PermissionRequestView.swift in Sources */ = {isa = PBXBuildFile; fileRef = E16302AA2B1508F000702F3C /* PermissionRequestView.swift */; };
		E169CE3D2B15C97800B91C1F /* MenuView.swift in Sources */ = {isa = PBXBuildFile; fileRef = E169CE3C2B15C97800B91C1F /* MenuView.swift */; };
		E169CE3F2B15C9D700B91C1F /* NoSelectionView.swift in Sources */ = {isa = PBXBuildFile; fileRef = E169CE3E2B15C9D700B91C1F /* NoSelectionView.swift */; };
		E18711CB2B161C1800EA4C65 /* SwiftUIAdditions in Frameworks */ = {isa = PBXBuildFile; productRef = E18711CA2B161C1800EA4C65 /* SwiftUIAdditions */; };
		E18711CE2B161C2400EA4C65 /* AXEssibility in Frameworks */ = {isa = PBXBuildFile; productRef = E18711CD2B161C2400EA4C65 /* AXEssibility */; };
		E19E4C272B19D20E00BD5CFD /* MenuItemPath.swift in Sources */ = {isa = PBXBuildFile; fileRef = E19E4C262B19D20E00BD5CFD /* MenuItemPath.swift */; };
		E1B5C7482B13C9BC00F5FA04 /* SpeakableCommandsApplication.swift in Sources */ = {isa = PBXBuildFile; fileRef = E1B5C7472B13C9BC00F5FA04 /* SpeakableCommandsApplication.swift */; };
		E1B5C74A2B13C9BC00F5FA04 /* ContentView.swift in Sources */ = {isa = PBXBuildFile; fileRef = E1B5C7492B13C9BC00F5FA04 /* ContentView.swift */; };
		E1B5C74C2B13C9BD00F5FA04 /* Assets.xcassets in Resources */ = {isa = PBXBuildFile; fileRef = E1B5C74B2B13C9BD00F5FA04 /* Assets.xcassets */; };
/* End PBXBuildFile section */

/* Begin PBXFileReference section */
		E12AEF162B174F1D00E4B07C /* AXMenu.entitlements */ = {isa = PBXFileReference; lastKnownFileType = text.plist.entitlements; path = AXMenu.entitlements; sourceTree = "<group>"; };
		E12AEF172B17C51A00E4B07C /* sqlite */ = {isa = PBXFileReference; lastKnownFileType = wrapper; name = sqlite; path = Packages/sqlite; sourceTree = "<group>"; };
		E12AEF1C2B17CD3500E4B07C /* MenuCommand.swift */ = {isa = PBXFileReference; fileEncoding = 4; lastKnownFileType = sourcecode.swift; path = MenuCommand.swift; sourceTree = "<group>"; };
		E12AEF262B190E3D00E4B07C /* AXMenuBar.swift */ = {isa = PBXFileReference; lastKnownFileType = sourcecode.swift; path = AXMenuBar.swift; sourceTree = "<group>"; };
		E12AEF282B190FC400E4B07C /* MenuGroup.swift */ = {isa = PBXFileReference; lastKnownFileType = sourcecode.swift; path = MenuGroup.swift; sourceTree = "<group>"; };
		E142F2492B14E2C300984C8C /* RunningApplications.swift */ = {isa = PBXFileReference; lastKnownFileType = sourcecode.swift; path = RunningApplications.swift; sourceTree = "<group>"; };
		E14336802B13CA1F0007B603 /* AppDelegate.swift */ = {isa = PBXFileReference; lastKnownFileType = sourcecode.swift; path = AppDelegate.swift; sourceTree = "<group>"; };
		E143368A2B14823C0007B603 /* Info.plist */ = {isa = PBXFileReference; lastKnownFileType = text.plist.xml; path = Info.plist; sourceTree = "<group>"; };
		E16302A62B15086300702F3C /* AppList.swift */ = {isa = PBXFileReference; lastKnownFileType = sourcecode.swift; path = AppList.swift; sourceTree = "<group>"; };
		E16302A82B1508B900702F3C /* AppView.swift */ = {isa = PBXFileReference; lastKnownFileType = sourcecode.swift; path = AppView.swift; sourceTree = "<group>"; };
		E16302AA2B1508F000702F3C /* PermissionRequestView.swift */ = {isa = PBXFileReference; lastKnownFileType = sourcecode.swift; path = PermissionRequestView.swift; sourceTree = "<group>"; };
		E16302C92B152F5A00702F3C /* AXEssibility */ = {isa = PBXFileReference; lastKnownFileType = wrapper; name = AXEssibility; path = Packages/AXEssibility; sourceTree = "<group>"; };
		E16302CA2B152F5A00702F3C /* FoundationAdditions */ = {isa = PBXFileReference; lastKnownFileType = wrapper; name = FoundationAdditions; path = Packages/FoundationAdditions; sourceTree = "<group>"; };
		E16302CB2B152F5A00702F3C /* SwiftUIAdditions */ = {isa = PBXFileReference; lastKnownFileType = wrapper; name = SwiftUIAdditions; path = Packages/SwiftUIAdditions; sourceTree = "<group>"; };
		E169CE3C2B15C97800B91C1F /* MenuView.swift */ = {isa = PBXFileReference; fileEncoding = 4; lastKnownFileType = sourcecode.swift; path = MenuView.swift; sourceTree = "<group>"; };
		E169CE3E2B15C9D700B91C1F /* NoSelectionView.swift */ = {isa = PBXFileReference; fileEncoding = 4; lastKnownFileType = sourcecode.swift; path = NoSelectionView.swift; sourceTree = "<group>"; };
		E19E4C262B19D20E00BD5CFD /* MenuItemPath.swift */ = {isa = PBXFileReference; fileEncoding = 4; lastKnownFileType = sourcecode.swift; path = MenuItemPath.swift; sourceTree = "<group>"; };
		E1B5C7442B13C9BC00F5FA04 /* SpeakableCommands.app */ = {isa = PBXFileReference; explicitFileType = wrapper.application; includeInIndex = 0; path = SpeakableCommands.app; sourceTree = BUILT_PRODUCTS_DIR; };
		E1B5C7472B13C9BC00F5FA04 /* SpeakableCommandsApplication.swift */ = {isa = PBXFileReference; lastKnownFileType = sourcecode.swift; path = SpeakableCommandsApplication.swift; sourceTree = "<group>"; };
		E1B5C7492B13C9BC00F5FA04 /* ContentView.swift */ = {isa = PBXFileReference; lastKnownFileType = sourcecode.swift; path = ContentView.swift; sourceTree = "<group>"; };
		E1B5C74B2B13C9BD00F5FA04 /* Assets.xcassets */ = {isa = PBXFileReference; lastKnownFileType = folder.assetcatalog; path = Assets.xcassets; sourceTree = "<group>"; };
/* End PBXFileReference section */

/* Begin PBXFrameworksBuildPhase section */
		E1B5C7412B13C9BC00F5FA04 /* Frameworks */ = {
			isa = PBXFrameworksBuildPhase;
			buildActionMask = 2147483647;
			files = (
				E12AEF192B17C53500E4B07C /* SQLite in Frameworks */,
				E18711CE2B161C2400EA4C65 /* AXEssibility in Frameworks */,
				E18711CB2B161C1800EA4C65 /* SwiftUIAdditions in Frameworks */,
			);
			runOnlyForDeploymentPostprocessing = 0;
		};
/* End PBXFrameworksBuildPhase section */

/* Begin PBXGroup section */
		E14336852B13CA6D0007B603 /* Frameworks */ = {
			isa = PBXGroup;
			children = (
			);
			name = Frameworks;
			sourceTree = "<group>";
		};
		E16302A52B15085200702F3C /* Resources */ = {
			isa = PBXGroup;
			children = (
				E12AEF162B174F1D00E4B07C /* AXMenu.entitlements */,
				E143368A2B14823C0007B603 /* Info.plist */,
				E1B5C74B2B13C9BD00F5FA04 /* Assets.xcassets */,
			);
			path = Resources;
			sourceTree = "<group>";
		};
		E1B5C73B2B13C9BC00F5FA04 = {
			isa = PBXGroup;
			children = (
				E1B5C7462B13C9BC00F5FA04 /* Sources */,
				E16302C92B152F5A00702F3C /* AXEssibility */,
				E16302CA2B152F5A00702F3C /* FoundationAdditions */,
				E16302CB2B152F5A00702F3C /* SwiftUIAdditions */,
				E12AEF172B17C51A00E4B07C /* sqlite */,
				E16302A52B15085200702F3C /* Resources */,
				E1B5C7452B13C9BC00F5FA04 /* Products */,
				E14336852B13CA6D0007B603 /* Frameworks */,
			);
			sourceTree = "<group>";
		};
		E1B5C7452B13C9BC00F5FA04 /* Products */ = {
			isa = PBXGroup;
			children = (
				E1B5C7442B13C9BC00F5FA04 /* SpeakableCommands.app */,
			);
			name = Products;
			sourceTree = "<group>";
		};
		E1B5C7462B13C9BC00F5FA04 /* Sources */ = {
			isa = PBXGroup;
			children = (
				E16302AA2B1508F000702F3C /* PermissionRequestView.swift */,
				E169CE3C2B15C97800B91C1F /* MenuView.swift */,
				E169CE3E2B15C9D700B91C1F /* NoSelectionView.swift */,
				E16302A82B1508B900702F3C /* AppView.swift */,
				E16302A62B15086300702F3C /* AppList.swift */,
				E1B5C7492B13C9BC00F5FA04 /* ContentView.swift */,
				E1B5C7472B13C9BC00F5FA04 /* SpeakableCommandsApplication.swift */,
				E142F2492B14E2C300984C8C /* RunningApplications.swift */,
				E12AEF1C2B17CD3500E4B07C /* MenuCommand.swift */,
				E12AEF282B190FC400E4B07C /* MenuGroup.swift */,
				E19E4C262B19D20E00BD5CFD /* MenuItemPath.swift */,
				E12AEF262B190E3D00E4B07C /* AXMenuBar.swift */,
				E14336802B13CA1F0007B603 /* AppDelegate.swift */,
			);
			path = Sources;
			sourceTree = "<group>";
		};
/* End PBXGroup section */

/* Begin PBXNativeTarget section */
		E1B5C7432B13C9BC00F5FA04 /* SpeakableCommands */ = {
			isa = PBXNativeTarget;
			buildConfigurationList = E1B5C7532B13C9BD00F5FA04 /* Build configuration list for PBXNativeTarget "SpeakableCommands" */;
			buildPhases = (
				E1B5C7402B13C9BC00F5FA04 /* Sources */,
				E1B5C7412B13C9BC00F5FA04 /* Frameworks */,
				E1B5C7422B13C9BC00F5FA04 /* Resources */,
				E12AEF1E2B17D05000E4B07C /* ShellScript */,
			);
			buildRules = (
			);
			dependencies = (
				E12AEF1B2B17C54300E4B07C /* PBXTargetDependency */,
				E16302C62B151CA300702F3C /* PBXTargetDependency */,
				E14336842B13CA680007B603 /* PBXTargetDependency */,
			);
			name = SpeakableCommands;
			packageProductDependencies = (
				E18711CA2B161C1800EA4C65 /* SwiftUIAdditions */,
				E18711CD2B161C2400EA4C65 /* AXEssibility */,
				E12AEF182B17C53500E4B07C /* SQLite */,
			);
			productName = AXMenu;
			productReference = E1B5C7442B13C9BC00F5FA04 /* SpeakableCommands.app */;
			productType = "com.apple.product-type.application";
		};
/* End PBXNativeTarget section */

/* Begin PBXProject section */
		E1B5C73C2B13C9BC00F5FA04 /* Project object */ = {
			isa = PBXProject;
			attributes = {
				BuildIndependentTargetsInParallel = 1;
				LastSwiftUpdateCheck = 1500;
				LastUpgradeCheck = 1500;
				TargetAttributes = {
					E1B5C7432B13C9BC00F5FA04 = {
						CreatedOnToolsVersion = 15.0.1;
					};
				};
			};
			buildConfigurationList = E1B5C73F2B13C9BC00F5FA04 /* Build configuration list for PBXProject "SpeakableCommands" */;
			compatibilityVersion = "Xcode 14.0";
			developmentRegion = en;
			hasScannedForEncodings = 0;
			knownRegions = (
				en,
				Base,
			);
			mainGroup = E1B5C73B2B13C9BC00F5FA04;
			packageReferences = (
				E18711C92B161C1800EA4C65 /* XCLocalSwiftPackageReference "Packages/SwiftUIAdditions" */,
				E18711CC2B161C2400EA4C65 /* XCLocalSwiftPackageReference "Packages/AXEssibility" */,
			);
			productRefGroup = E1B5C7452B13C9BC00F5FA04 /* Products */;
			projectDirPath = "";
			projectRoot = "";
			targets = (
				E1B5C7432B13C9BC00F5FA04 /* SpeakableCommands */,
			);
		};
/* End PBXProject section */

/* Begin PBXResourcesBuildPhase section */
		E1B5C7422B13C9BC00F5FA04 /* Resources */ = {
			isa = PBXResourcesBuildPhase;
			buildActionMask = 2147483647;
			files = (
				E1B5C74C2B13C9BD00F5FA04 /* Assets.xcassets in Resources */,
			);
			runOnlyForDeploymentPostprocessing = 0;
		};
/* End PBXResourcesBuildPhase section */

/* Begin PBXShellScriptBuildPhase section */
		E12AEF1E2B17D05000E4B07C /* ShellScript */ = {
			isa = PBXShellScriptBuildPhase;
			buildActionMask = 2147483647;
			files = (
			);
			inputFileListPaths = (
			);
			inputPaths = (
			);
			outputFileListPaths = (
			);
			outputPaths = (
			);
			runOnlyForDeploymentPostprocessing = 0;
			shellPath = /bin/sh;
			shellScript = "# Type a script or drag a script file from your workspace to insert its path.\n# sudo sqlite3 /Library/Application\\ Support/com.apple.TCC/TCC.db \"DELETE FROM access WHERE client == 'com.robertgeifman.SpeakableCommands';\"\n \n# sqlite3 /Library/Application\\ Support/com.apple.TCC/TCC.db \"INSERT or REPLACE INTO access values ('kTCCServiceAccessibility', 'com.robertgeifman.SpeakableCommands', 0, 1, 0, NULL);\"\n";
		};
/* End PBXShellScriptBuildPhase section */

/* Begin PBXSourcesBuildPhase section */
		E1B5C7402B13C9BC00F5FA04 /* Sources */ = {
			isa = PBXSourcesBuildPhase;
			buildActionMask = 2147483647;
			files = (
				E14336812B13CA1F0007B603 /* AppDelegate.swift in Sources */,
				E169CE3F2B15C9D700B91C1F /* NoSelectionView.swift in Sources */,
				E169CE3D2B15C97800B91C1F /* MenuView.swift in Sources */,
				E16302A92B1508B900702F3C /* AppView.swift in Sources */,
				E12AEF292B190FC400E4B07C /* MenuGroup.swift in Sources */,
				E19E4C272B19D20E00BD5CFD /* MenuItemPath.swift in Sources */,
				E1B5C74A2B13C9BC00F5FA04 /* ContentView.swift in Sources */,
				E142F24A2B14E2C300984C8C /* RunningApplications.swift in Sources */,
				E16302A72B15086300702F3C /* AppList.swift in Sources */,
				E1B5C7482B13C9BC00F5FA04 /* SpeakableCommandsApplication.swift in Sources */,
				E16302AB2B1508F000702F3C /* PermissionRequestView.swift in Sources */,
				E12AEF1D2B17CD3500E4B07C /* MenuCommand.swift in Sources */,
				E12AEF272B190E3D00E4B07C /* AXMenuBar.swift in Sources */,
			);
			runOnlyForDeploymentPostprocessing = 0;
		};
/* End PBXSourcesBuildPhase section */

/* Begin PBXTargetDependency section */
		E12AEF1B2B17C54300E4B07C /* PBXTargetDependency */ = {
			isa = PBXTargetDependency;
			productRef = E12AEF1A2B17C54300E4B07C /* SQLite */;
		};
		E14336842B13CA680007B603 /* PBXTargetDependency */ = {
			isa = PBXTargetDependency;
			productRef = E14336832B13CA680007B603 /* AXEssibility */;
		};
		E16302C62B151CA300702F3C /* PBXTargetDependency */ = {
			isa = PBXTargetDependency;
			productRef = E16302C52B151CA300702F3C /* SwiftUIAdditions */;
		};
/* End PBXTargetDependency section */

/* Begin XCBuildConfiguration section */
		E1B5C7512B13C9BD00F5FA04 /* Debug */ = {
			isa = XCBuildConfiguration;
			buildSettings = {
				ALWAYS_SEARCH_USER_PATHS = NO;
				ASSETCATALOG_COMPILER_GENERATE_SWIFT_ASSET_SYMBOL_EXTENSIONS = YES;
				CLANG_ANALYZER_NONNULL = YES;
				CLANG_ANALYZER_NUMBER_OBJECT_CONVERSION = YES_AGGRESSIVE;
				CLANG_CXX_LANGUAGE_STANDARD = "gnu++20";
				CLANG_ENABLE_MODULES = YES;
				CLANG_ENABLE_OBJC_ARC = YES;
				CLANG_ENABLE_OBJC_WEAK = YES;
				CLANG_WARN_BLOCK_CAPTURE_AUTORELEASING = YES;
				CLANG_WARN_BOOL_CONVERSION = YES;
				CLANG_WARN_COMMA = YES;
				CLANG_WARN_CONSTANT_CONVERSION = YES;
				CLANG_WARN_DEPRECATED_OBJC_IMPLEMENTATIONS = YES;
				CLANG_WARN_DIRECT_OBJC_ISA_USAGE = YES_ERROR;
				CLANG_WARN_DOCUMENTATION_COMMENTS = YES;
				CLANG_WARN_EMPTY_BODY = YES;
				CLANG_WARN_ENUM_CONVERSION = YES;
				CLANG_WARN_INFINITE_RECURSION = YES;
				CLANG_WARN_INT_CONVERSION = YES;
				CLANG_WARN_NON_LITERAL_NULL_CONVERSION = YES;
				CLANG_WARN_OBJC_IMPLICIT_RETAIN_SELF = YES;
				CLANG_WARN_OBJC_LITERAL_CONVERSION = YES;
				CLANG_WARN_OBJC_ROOT_CLASS = YES_ERROR;
				CLANG_WARN_QUOTED_INCLUDE_IN_FRAMEWORK_HEADER = YES;
				CLANG_WARN_RANGE_LOOP_ANALYSIS = YES;
				CLANG_WARN_STRICT_PROTOTYPES = YES;
				CLANG_WARN_SUSPICIOUS_MOVE = YES;
				CLANG_WARN_UNGUARDED_AVAILABILITY = YES_AGGRESSIVE;
				CLANG_WARN_UNREACHABLE_CODE = YES;
				CLANG_WARN__DUPLICATE_METHOD_MATCH = YES;
				COPY_PHASE_STRIP = NO;
				DEBUG_INFORMATION_FORMAT = dwarf;
				ENABLE_STRICT_OBJC_MSGSEND = YES;
				ENABLE_TESTABILITY = YES;
				ENABLE_USER_SCRIPT_SANDBOXING = YES;
				GCC_C_LANGUAGE_STANDARD = gnu17;
				GCC_DYNAMIC_NO_PIC = NO;
				GCC_NO_COMMON_BLOCKS = YES;
				GCC_OPTIMIZATION_LEVEL = 0;
				GCC_PREPROCESSOR_DEFINITIONS = (
					"DEBUG=1",
					"$(inherited)",
				);
				GCC_WARN_64_TO_32_BIT_CONVERSION = YES;
				GCC_WARN_ABOUT_RETURN_TYPE = YES_ERROR;
				GCC_WARN_UNDECLARED_SELECTOR = YES;
				GCC_WARN_UNINITIALIZED_AUTOS = YES_AGGRESSIVE;
				GCC_WARN_UNUSED_FUNCTION = YES;
				GCC_WARN_UNUSED_VARIABLE = YES;
				LOCALIZATION_PREFERS_STRING_CATALOGS = YES;
				MACOSX_DEPLOYMENT_TARGET = 14.0;
				MTL_ENABLE_DEBUG_INFO = INCLUDE_SOURCE;
				MTL_FAST_MATH = YES;
				ONLY_ACTIVE_ARCH = YES;
				SDKROOT = macosx;
				SWIFT_ACTIVE_COMPILATION_CONDITIONS = "DEBUG $(inherited)";
				SWIFT_OPTIMIZATION_LEVEL = "-Onone";
			};
			name = Debug;
		};
		E1B5C7522B13C9BD00F5FA04 /* Release */ = {
			isa = XCBuildConfiguration;
			buildSettings = {
				ALWAYS_SEARCH_USER_PATHS = NO;
				ASSETCATALOG_COMPILER_GENERATE_SWIFT_ASSET_SYMBOL_EXTENSIONS = YES;
				CLANG_ANALYZER_NONNULL = YES;
				CLANG_ANALYZER_NUMBER_OBJECT_CONVERSION = YES_AGGRESSIVE;
				CLANG_CXX_LANGUAGE_STANDARD = "gnu++20";
				CLANG_ENABLE_MODULES = YES;
				CLANG_ENABLE_OBJC_ARC = YES;
				CLANG_ENABLE_OBJC_WEAK = YES;
				CLANG_WARN_BLOCK_CAPTURE_AUTORELEASING = YES;
				CLANG_WARN_BOOL_CONVERSION = YES;
				CLANG_WARN_COMMA = YES;
				CLANG_WARN_CONSTANT_CONVERSION = YES;
				CLANG_WARN_DEPRECATED_OBJC_IMPLEMENTATIONS = YES;
				CLANG_WARN_DIRECT_OBJC_ISA_USAGE = YES_ERROR;
				CLANG_WARN_DOCUMENTATION_COMMENTS = YES;
				CLANG_WARN_EMPTY_BODY = YES;
				CLANG_WARN_ENUM_CONVERSION = YES;
				CLANG_WARN_INFINITE_RECURSION = YES;
				CLANG_WARN_INT_CONVERSION = YES;
				CLANG_WARN_NON_LITERAL_NULL_CONVERSION = YES;
				CLANG_WARN_OBJC_IMPLICIT_RETAIN_SELF = YES;
				CLANG_WARN_OBJC_LITERAL_CONVERSION = YES;
				CLANG_WARN_OBJC_ROOT_CLASS = YES_ERROR;
				CLANG_WARN_QUOTED_INCLUDE_IN_FRAMEWORK_HEADER = YES;
				CLANG_WARN_RANGE_LOOP_ANALYSIS = YES;
				CLANG_WARN_STRICT_PROTOTYPES = YES;
				CLANG_WARN_SUSPICIOUS_MOVE = YES;
				CLANG_WARN_UNGUARDED_AVAILABILITY = YES_AGGRESSIVE;
				CLANG_WARN_UNREACHABLE_CODE = YES;
				CLANG_WARN__DUPLICATE_METHOD_MATCH = YES;
				COPY_PHASE_STRIP = NO;
				DEBUG_INFORMATION_FORMAT = "dwarf-with-dsym";
				ENABLE_NS_ASSERTIONS = NO;
				ENABLE_STRICT_OBJC_MSGSEND = YES;
				ENABLE_USER_SCRIPT_SANDBOXING = YES;
				GCC_C_LANGUAGE_STANDARD = gnu17;
				GCC_NO_COMMON_BLOCKS = YES;
				GCC_WARN_64_TO_32_BIT_CONVERSION = YES;
				GCC_WARN_ABOUT_RETURN_TYPE = YES_ERROR;
				GCC_WARN_UNDECLARED_SELECTOR = YES;
				GCC_WARN_UNINITIALIZED_AUTOS = YES_AGGRESSIVE;
				GCC_WARN_UNUSED_FUNCTION = YES;
				GCC_WARN_UNUSED_VARIABLE = YES;
				LOCALIZATION_PREFERS_STRING_CATALOGS = YES;
				MACOSX_DEPLOYMENT_TARGET = 14.0;
				MTL_ENABLE_DEBUG_INFO = NO;
				MTL_FAST_MATH = YES;
				SDKROOT = macosx;
				SWIFT_COMPILATION_MODE = wholemodule;
			};
			name = Release;
		};
		E1B5C7542B13C9BD00F5FA04 /* Debug */ = {
			isa = XCBuildConfiguration;
			buildSettings = {
				ASSETCATALOG_COMPILER_APPICON_NAME = AppIcon;
				ASSETCATALOG_COMPILER_GLOBAL_ACCENT_COLOR_NAME = AccentColor;
				CODE_SIGN_ENTITLEMENTS = Resources/AXMenu.entitlements;
				"CODE_SIGN_IDENTITY[sdk=macosx*]" = "-";
				CODE_SIGN_STYLE = Automatic;
				COMBINE_HIDPI_IMAGES = YES;
				CURRENT_PROJECT_VERSION = 1;
				DEVELOPMENT_TEAM = HPSN4NS7JC;
				ENABLE_HARDENED_RUNTIME = NO;
				ENABLE_PREVIEWS = YES;
				GENERATE_INFOPLIST_FILE = YES;
				INFOPLIST_FILE = Resources/Info.plist;
				INFOPLIST_KEY_NSHumanReadableCopyright = "";
				LD_RUNPATH_SEARCH_PATHS = (
					"$(inherited)",
					"@executable_path/../Frameworks",
				);
				MARKETING_VERSION = 1.0;
				PRODUCT_BUNDLE_IDENTIFIER = com.robertgeifman.SpeakableCommands;
				PRODUCT_NAME = "$(TARGET_NAME)";
				SWIFT_EMIT_LOC_STRINGS = YES;
				SWIFT_VERSION = 5.0;
			};
			name = Debug;
		};
		E1B5C7552B13C9BD00F5FA04 /* Release */ = {
			isa = XCBuildConfiguration;
			buildSettings = {
				ASSETCATALOG_COMPILER_APPICON_NAME = AppIcon;
				ASSETCATALOG_COMPILER_GLOBAL_ACCENT_COLOR_NAME = AccentColor;
				CODE_SIGN_ENTITLEMENTS = Resources/AXMenu.entitlements;
				"CODE_SIGN_IDENTITY[sdk=macosx*]" = "-";
				CODE_SIGN_STYLE = Automatic;
				COMBINE_HIDPI_IMAGES = YES;
				CURRENT_PROJECT_VERSION = 1;
				DEVELOPMENT_TEAM = HPSN4NS7JC;
				ENABLE_HARDENED_RUNTIME = NO;
				ENABLE_PREVIEWS = YES;
				GENERATE_INFOPLIST_FILE = YES;
				INFOPLIST_FILE = Resources/Info.plist;
				INFOPLIST_KEY_NSHumanReadableCopyright = "";
				LD_RUNPATH_SEARCH_PATHS = (
					"$(inherited)",
					"@executable_path/../Frameworks",
				);
				MARKETING_VERSION = 1.0;
				PRODUCT_BUNDLE_IDENTIFIER = com.robertgeifman.SpeakableCommands;
				PRODUCT_NAME = "$(TARGET_NAME)";
				SWIFT_EMIT_LOC_STRINGS = YES;
				SWIFT_VERSION = 5.0;
			};
			name = Release;
		};
/* End XCBuildConfiguration section */

/* Begin XCConfigurationList section */
		E1B5C73F2B13C9BC00F5FA04 /* Build configuration list for PBXProject "SpeakableCommands" */ = {
			isa = XCConfigurationList;
			buildConfigurations = (
				E1B5C7512B13C9BD00F5FA04 /* Debug */,
				E1B5C7522B13C9BD00F5FA04 /* Release */,
			);
			defaultConfigurationIsVisible = 0;
			defaultConfigurationName = Release;
		};
		E1B5C7532B13C9BD00F5FA04 /* Build configuration list for PBXNativeTarget "SpeakableCommands" */ = {
			isa = XCConfigurationList;
			buildConfigurations = (
				E1B5C7542B13C9BD00F5FA04 /* Debug */,
				E1B5C7552B13C9BD00F5FA04 /* Release */,
			);
			defaultConfigurationIsVisible = 0;
			defaultConfigurationName = Release;
		};
/* End XCConfigurationList section */

/* Begin XCLocalSwiftPackageReference section */
		E18711C92B161C1800EA4C65 /* XCLocalSwiftPackageReference "Packages/SwiftUIAdditions" */ = {
			isa = XCLocalSwiftPackageReference;
			relativePath = Packages/SwiftUIAdditions;
		};
		E18711CC2B161C2400EA4C65 /* XCLocalSwiftPackageReference "Packages/AXEssibility" */ = {
			isa = XCLocalSwiftPackageReference;
			relativePath = Packages/AXEssibility;
		};
/* End XCLocalSwiftPackageReference section */

/* Begin XCSwiftPackageProductDependency section */
		E12AEF182B17C53500E4B07C /* SQLite */ = {
			isa = XCSwiftPackageProductDependency;
			productName = SQLite;
		};
		E12AEF1A2B17C54300E4B07C /* SQLite */ = {
			isa = XCSwiftPackageProductDependency;
			productName = SQLite;
		};
		E14336832B13CA680007B603 /* AXEssibility */ = {
			isa = XCSwiftPackageProductDependency;
			productName = AXEssibility;
		};
		E16302C52B151CA300702F3C /* SwiftUIAdditions */ = {
			isa = XCSwiftPackageProductDependency;
			productName = SwiftUIAdditions;
		};
		E18711CA2B161C1800EA4C65 /* SwiftUIAdditions */ = {
			isa = XCSwiftPackageProductDependency;
			productName = SwiftUIAdditions;
		};
		E18711CD2B161C2400EA4C65 /* AXEssibility */ = {
			isa = XCSwiftPackageProductDependency;
			productName = AXEssibility;
		};
/* End XCSwiftPackageProductDependency section */
	};
	rootObject = E1B5C73C2B13C9BC00F5FA04 /* Project object */;
}
